<?xml version="1.0" encoding="utf-8"?>
<Project ToolsVersion="4.0" xmlns="http://schemas.microsoft.com/developer/msbuild/2003">
  <ItemGroup>
    <Filter Include="Source Files">
      <UniqueIdentifier>{4FC737F1-C7A5-4376-A066-2A32D752A2FF}</UniqueIdentifier>
      <Extensions>cpp;c;cc;cxx;def;odl;idl;hpj;bat;asm;asmx</Extensions>
    </Filter>
    <Filter Include="Header Files">
      <UniqueIdentifier>{93995380-89BD-4b04-88EB-625FBE52EBFB}</UniqueIdentifier>
      <Extensions>h;hh;hpp;hxx;hm;inl;inc;ipp;xsd</Extensions>
    </Filter>
    <Filter Include="Resource Files">
      <UniqueIdentifier>{67DA6AB6-F800-4c08-8B7A-83BB121AAD01}</UniqueIdentifier>
      <Extensions>rc;ico;cur;bmp;dlg;rc2;rct;bin;rgs;gif;jpg;jpeg;jpe;resx;tiff;tif;png;wav;mfcribbon-ms</Extensions>
    </Filter>
  </ItemGroup>
  <ItemGroup>
    <ClCompile Include="second_capture.cpp">
      <Filter>Source Files</Filter>
    </ClCompile>
  </ItemGroup>
  <ItemGroup>
    <ClInclude Include="AMF\components\Ambisonic2SRenderer.h">
      <Filter>Header Files</Filter>
    </ClInclude>
    <ClInclude Include="AMF\components\AudioCapture.h">
      <Filter>Header Files</Filter>
    </ClInclude>
    <ClInclude Include="AMF\components\Capture.h">
      <Filter>Header Files</Filter>
    </ClInclude>
    <ClInclude Include="AMF\components\ChromaKey.h">
      <Filter>Header Files</Filter>
    </ClInclude>
    <ClInclude Include="AMF\components\ColorSpace.h">
      <Filter>Header Files</Filter>
    </ClInclude>
    <ClInclude Include="AMF\components\Component.h">
      <Filter>Header Files</Filter>
    </ClInclude>
    <ClInclude Include="AMF\components\ComponentCaps.h">
      <Filter>Header Files</Filter>
    </ClInclude>
    <ClInclude Include="AMF\components\DisplayCapture.h">
      <Filter>Header Files</Filter>
    </ClInclude>
    <ClInclude Include="AMF\components\FFMPEGAudioConverter.h">
      <Filter>Header Files</Filter>
    </ClInclude>
    <ClInclude Include="AMF\components\FFMPEGAudioDecoder.h">
      <Filter>Header Files</Filter>
    </ClInclude>
    <ClInclude Include="AMF\components\FFMPEGAudioEncoder.h">
      <Filter>Header Files</Filter>
    </ClInclude>
    <ClInclude Include="AMF\components\FFMPEGComponents.h">
      <Filter>Header Files</Filter>
    </ClInclude>
    <ClInclude Include="AMF\components\FFMPEGFileDemuxer.h">
      <Filter>Header Files</Filter>
    </ClInclude>
    <ClInclude Include="AMF\components\FFMPEGFileMuxer.h">
      <Filter>Header Files</Filter>
    </ClInclude>
    <ClInclude Include="AMF\components\FFMPEGVideoDecoder.h">
      <Filter>Header Files</Filter>
    </ClInclude>
    <ClInclude Include="AMF\components\MediaSource.h">
      <Filter>Header Files</Filter>
    </ClInclude>
    <ClInclude Include="AMF\components\VideoCapture.h">
      <Filter>Header Files</Filter>
    </ClInclude>
    <ClInclude Include="AMF\components\VideoConverter.h">
      <Filter>Header Files</Filter>
    </ClInclude>
    <ClInclude Include="AMF\components\VideoDecoderUVD.h">
      <Filter>Header Files</Filter>
    </ClInclude>
    <ClInclude Include="AMF\components\VideoEncoderHEVC.h">
      <Filter>Header Files</Filter>
    </ClInclude>
    <ClInclude Include="AMF\components\VideoEncoderVCE.h">
      <Filter>Header Files</Filter>
    </ClInclude>
    <ClInclude Include="AMF\components\VideoStitch.h">
      <Filter>Header Files</Filter>
    </ClInclude>
    <ClInclude Include="AMF\components\ZCamLiveStream.h">
      <Filter>Header Files</Filter>
    </ClInclude>
    <ClInclude Include="AMF\core\AudioBuffer.h">
      <Filter>Header Files</Filter>
    </ClInclude>
    <ClInclude Include="AMF\core\Buffer.h">
      <Filter>Header Files</Filter>
    </ClInclude>
    <ClInclude Include="AMF\core\Compute.h">
      <Filter>Header Files</Filter>
    </ClInclude>
    <ClInclude Include="AMF\core\ComputeFactory.h">
      <Filter>Header Files</Filter>
    </ClInclude>
    <ClInclude Include="AMF\core\Context.h">
      <Filter>Header Files</Filter>
    </ClInclude>
    <ClInclude Include="AMF\core\Data.h">
      <Filter>Header Files</Filter>
    </ClInclude>
    <ClInclude Include="AMF\core\Debug.h">
      <Filter>Header Files</Filter>
    </ClInclude>
    <ClInclude Include="AMF\core\Dump.h">
      <Filter>Header Files</Filter>
    </ClInclude>
    <ClInclude Include="AMF\core\Factory.h">
      <Filter>Header Files</Filter>
    </ClInclude>
    <ClInclude Include="AMF\core\Interface.h">
      <Filter>Header Files</Filter>
    </ClInclude>
    <ClInclude Include="AMF\core\Plane.h">
      <Filter>Header Files</Filter>
    </ClInclude>
    <ClInclude Include="AMF\core\Platform.h">
      <Filter>Header Files</Filter>
    </ClInclude>
    <ClInclude Include="AMF\core\PropertyStorage.h">
      <Filter>Header Files</Filter>
    </ClInclude>
    <ClInclude Include="AMF\core\PropertyStorageEx.h">
      <Filter>Header Files</Filter>
    </ClInclude>
    <ClInclude Include="AMF\core\Result.h">
      <Filter>Header Files</Filter>
    </ClInclude>
    <ClInclude Include="AMF\core\Surface.h">
      <Filter>Header Files</Filter>
    </ClInclude>
    <ClInclude Include="AMF\core\Trace.h">
      <Filter>Header Files</Filter>
    </ClInclude>
    <ClInclude Include="AMF\core\Variant.h">
      <Filter>Header Files</Filter>
    </ClInclude>
    <ClInclude Include="AMF\core\Version.h">
      <Filter>Header Files</Filter>
    </ClInclude>
    <ClInclude Include="AMF\core\VulkanAMF.h">
      <Filter>Header Files</Filter>
    </ClInclude>
  </ItemGroup>
</Project>